
Microsoft Visual Studio Solution File, Format Version 12.00
# Visual Studio Version 16
VisualStudioVersion = 16.0.30804.86
MinimumVisualStudioVersion = 10.0.40219.1
Project("{8BC9CEB8-8B4A-11D0-8D11-00A0C91BC942}") = "nccnTest", "nccnTest\nccnTest.vcxproj", "{918357CE-C70D-48DC-915F-29E68716DE4A}"
EndProject
Project("{8BC9CEB8-8B4A-11D0-8D11-00A0C91BC942}") = "ncnn_vulkan", "ncnn_vulkan\ncnn_vulkan.vcxproj", "{A8494B42-7BB9-4E6D-8165-5A6F76BF3B70}"
EndProject
Project("{FAE04EC0-301F-11D3-BF4B-00C04F79EFBC}") = "OnnxCSharp", "OnnxCSharp\OnnxCSharp.csproj", "{0604D2F5-34FE-4282-9FAE-8EC6D0179BE5}"
EndProject
Global
	GlobalSection(SolutionConfigurationPlatforms) = preSolution
		D_GPU|Any CPU = D_GPU|Any CPU
		D_GPU|x64 = D_GPU|x64
		D_GPU|x86 = D_GPU|x86
		Debug|Any CPU = Debug|Any CPU
		Debug|x64 = Debug|x64
		Debug|x86 = Debug|x86
		R_GPU|Any CPU = R_GPU|Any CPU
		R_GPU|x64 = R_GPU|x64
		R_GPU|x86 = R_GPU|x86
		Release|Any CPU = Release|Any CPU
		Release|x64 = Release|x64
		Release|x86 = Release|x86
	EndGlobalSection
	GlobalSection(ProjectConfigurationPlatforms) = postSolution
		{918357CE-C70D-48DC-915F-29E68716DE4A}.D_GPU|Any CPU.ActiveCfg = D_GPU|Win32
		{918357CE-C70D-48DC-915F-29E68716DE4A}.D_GPU|x64.ActiveCfg = D_GPU|x64
		{918357CE-C70D-48DC-915F-29E68716DE4A}.D_GPU|x64.Build.0 = D_GPU|x64
		{918357CE-C70D-48DC-915F-29E68716DE4A}.D_GPU|x86.ActiveCfg = D_GPU|Win32
		{918357CE-C70D-48DC-915F-29E68716DE4A}.D_GPU|x86.Build.0 = D_GPU|Win32
		{918357CE-C70D-48DC-915F-29E68716DE4A}.Debug|Any CPU.ActiveCfg = Debug|Win32
		{918357CE-C70D-48DC-915F-29E68716DE4A}.Debug|x64.ActiveCfg = Debug|x64
		{918357CE-C70D-48DC-915F-29E68716DE4A}.Debug|x64.Build.0 = Debug|x64
		{918357CE-C70D-48DC-915F-29E68716DE4A}.Debug|x86.ActiveCfg = Debug|Win32
		{918357CE-C70D-48DC-915F-29E68716DE4A}.Debug|x86.Build.0 = Debug|Win32
		{918357CE-C70D-48DC-915F-29E68716DE4A}.R_GPU|Any CPU.ActiveCfg = R_GPU|Win32
		{918357CE-C70D-48DC-915F-29E68716DE4A}.R_GPU|x64.ActiveCfg = R_GPU|x64
		{918357CE-C70D-48DC-915F-29E68716DE4A}.R_GPU|x64.Build.0 = R_GPU|x64
		{918357CE-C70D-48DC-915F-29E68716DE4A}.R_GPU|x86.ActiveCfg = R_GPU|Win32
		{918357CE-C70D-48DC-915F-29E68716DE4A}.R_GPU|x86.Build.0 = R_GPU|Win32
		{918357CE-C70D-48DC-915F-29E68716DE4A}.Release|Any CPU.ActiveCfg = Release|Win32
		{918357CE-C70D-48DC-915F-29E68716DE4A}.Release|x64.ActiveCfg = Release|x64
		{918357CE-C70D-48DC-915F-29E68716DE4A}.Release|x64.Build.0 = Release|x64
		{918357CE-C70D-48DC-915F-29E68716DE4A}.Release|x86.ActiveCfg = Release|Win32
		{918357CE-C70D-48DC-915F-29E68716DE4A}.Release|x86.Build.0 = Release|Win32
		{A8494B42-7BB9-4E6D-8165-5A6F76BF3B70}.D_GPU|Any CPU.ActiveCfg = Release|Win32
		{A8494B42-7BB9-4E6D-8165-5A6F76BF3B70}.D_GPU|Any CPU.Build.0 = Release|Win32
		{A8494B42-7BB9-4E6D-8165-5A6F76BF3B70}.D_GPU|x64.ActiveCfg = Debug|x64
		{A8494B42-7BB9-4E6D-8165-5A6F76BF3B70}.D_GPU|x64.Build.0 = Debug|x64
		{A8494B42-7BB9-4E6D-8165-5A6F76BF3B70}.D_GPU|x86.ActiveCfg = Debug|Win32
		{A8494B42-7BB9-4E6D-8165-5A6F76BF3B70}.D_GPU|x86.Build.0 = Debug|Win32
		{A8494B42-7BB9-4E6D-8165-5A6F76BF3B70}.Debug|Any CPU.ActiveCfg = Debug|Win32
		{A8494B42-7BB9-4E6D-8165-5A6F76BF3B70}.Debug|x64.ActiveCfg = Debug|x64
		{A8494B42-7BB9-4E6D-8165-5A6F76BF3B70}.Debug|x64.Build.0 = Debug|x64
		{A8494B42-7BB9-4E6D-8165-5A6F76BF3B70}.Debug|x86.ActiveCfg = Debug|Win32
		{A8494B42-7BB9-4E6D-8165-5A6F76BF3B70}.Debug|x86.Build.0 = Debug|Win32
		{A8494B42-7BB9-4E6D-8165-5A6F76BF3B70}.R_GPU|Any CPU.ActiveCfg = Release|Win32
		{A8494B42-7BB9-4E6D-8165-5A6F76BF3B70}.R_GPU|Any CPU.Build.0 = Release|Win32
		{A8494B42-7BB9-4E6D-8165-5A6F76BF3B70}.R_GPU|x64.ActiveCfg = Release|x64
		{A8494B42-7BB9-4E6D-8165-5A6F76BF3B70}.R_GPU|x64.Build.0 = Release|x64
		{A8494B42-7BB9-4E6D-8165-5A6F76BF3B70}.R_GPU|x86.ActiveCfg = Release|Win32
		{A8494B42-7BB9-4E6D-8165-5A6F76BF3B70}.R_GPU|x86.Build.0 = Release|Win32
		{A8494B42-7BB9-4E6D-8165-5A6F76BF3B70}.Release|Any CPU.ActiveCfg = Release|Win32
		{A8494B42-7BB9-4E6D-8165-5A6F76BF3B70}.Release|x64.ActiveCfg = Release|x64
		{A8494B42-7BB9-4E6D-8165-5A6F76BF3B70}.Release|x64.Build.0 = Release|x64
		{A8494B42-7BB9-4E6D-8165-5A6F76BF3B70}.Release|x86.ActiveCfg = Release|Win32
		{A8494B42-7BB9-4E6D-8165-5A6F76BF3B70}.Release|x86.Build.0 = Release|Win32
		{0604D2F5-34FE-4282-9FAE-8EC6D0179BE5}.D_GPU|Any CPU.ActiveCfg = Debug|Any CPU
		{0604D2F5-34FE-4282-9FAE-8EC6D0179BE5}.D_GPU|Any CPU.Build.0 = Debug|Any CPU
		{0604D2F5-34FE-4282-9FAE-8EC6D0179BE5}.D_GPU|x64.ActiveCfg = Debug|Any CPU
		{0604D2F5-34FE-4282-9FAE-8EC6D0179BE5}.D_GPU|x64.Build.0 = Debug|Any CPU
		{0604D2F5-34FE-4282-9FAE-8EC6D0179BE5}.D_GPU|x86.ActiveCfg = Debug|Any CPU
		{0604D2F5-34FE-4282-9FAE-8EC6D0179BE5}.D_GPU|x86.Build.0 = Debug|Any CPU
		{0604D2F5-34FE-4282-9FAE-8EC6D0179BE5}.Debug|Any CPU.ActiveCfg = Debug|Any CPU
		{0604D2F5-34FE-4282-9FAE-8EC6D0179BE5}.Debug|Any CPU.Build.0 = Debug|Any CPU
		{0604D2F5-34FE-4282-9FAE-8EC6D0179BE5}.Debug|x64.ActiveCfg = Debug|Any CPU
		{0604D2F5-34FE-4282-9FAE-8EC6D0179BE5}.Debug|x64.Build.0 = Debug|Any CPU
		{0604D2F5-34FE-4282-9FAE-8EC6D0179BE5}.Debug|x86.ActiveCfg = Debug|Any CPU
		{0604D2F5-34FE-4282-9FAE-8EC6D0179BE5}.Debug|x86.Build.0 = Debug|Any CPU
		{0604D2F5-34FE-4282-9FAE-8EC6D0179BE5}.R_GPU|Any CPU.ActiveCfg = Release|Any CPU
		{0604D2F5-34FE-4282-9FAE-8EC6D0179BE5}.R_GPU|Any CPU.Build.0 = Release|Any CPU
		{0604D2F5-34FE-4282-9FAE-8EC6D0179BE5}.R_GPU|x64.ActiveCfg = Release|Any CPU
		{0604D2F5-34FE-4282-9FAE-8EC6D0179BE5}.R_GPU|x64.Build.0 = Release|Any CPU
		{0604D2F5-34FE-4282-9FAE-8EC6D0179BE5}.R_GPU|x86.ActiveCfg = Release|Any CPU
		{0604D2F5-34FE-4282-9FAE-8EC6D0179BE5}.R_GPU|x86.Build.0 = Release|Any CPU
		{0604D2F5-34FE-4282-9FAE-8EC6D0179BE5}.Release|Any CPU.ActiveCfg = Release|Any CPU
		{0604D2F5-34FE-4282-9FAE-8EC6D0179BE5}.Release|Any CPU.Build.0 = Release|Any CPU
		{0604D2F5-34FE-4282-9FAE-8EC6D0179BE5}.Release|x64.ActiveCfg = Release|Any CPU
		{0604D2F5-34FE-4282-9FAE-8EC6D0179BE5}.Release|x64.Build.0 = Release|Any CPU
		{0604D2F5-34FE-4282-9FAE-8EC6D0179BE5}.Release|x86.ActiveCfg = Release|Any CPU
		{0604D2F5-34FE-4282-9FAE-8EC6D0179BE5}.Release|x86.Build.0 = Release|Any CPU
	EndGlobalSection
	GlobalSection(SolutionProperties) = preSolution
		HideSolutionNode = FALSE
	EndGlobalSection
	GlobalSection(ExtensibilityGlobals) = postSolution
		SolutionGuid = {B10EF54B-2ECF-43E1-AE95-25478CE777B3}
	EndGlobalSection
EndGlobal
